
Microsoft Visual Studio Solution File, Format Version 12.00
# Visual Studio Version 16
VisualStudioVersion = 16.0.29709.97
MinimumVisualStudioVersion = 10.0.40219.1
Project("{FAE04EC0-301F-11D3-BF4B-00C04F79EFBC}") = "GetUdemyCourse", "GetUdemyCourse\GetUdemyCourse.csproj", "{551BC594-4E5A-4003-895E-70C1D62DBD7E}"
EndProject
Global
	GlobalSection(SolutionConfigurationPlatforms) = preSolution
		Debug|Any CPU = Debug|Any CPU
		Release|Any CPU = Release|Any CPU
	EndGlobalSection
	GlobalSection(ProjectConfigurationPlatforms) = postSolution
		{551BC594-4E5A-4003-895E-70C1D62DBD7E}.Debug|Any CPU.ActiveCfg = Debug|Any CPU
		{551BC594-4E5A-4003-895E-70C1D62DBD7E}.Debug|Any CPU.Build.0 = Debug|Any CPU
		{551BC594-4E5A-4003-895E-70C1D62DBD7E}.Release|Any CPU.ActiveCfg = Release|Any CPU
		{551BC594-4E5A-4003-895E-70C1D62DBD7E}.Release|Any CPU.Build.0 = Release|Any CPU
	EndGlobalSection
	GlobalSection(SolutionProperties) = preSolution
		HideSolutionNode = FALSE
	EndGlobalSection
	GlobalSection(ExtensibilityGlobals) = postSolution
		SolutionGuid = {C2825A06-51B4-47DB-9DBF-90E388481D4D}
	EndGlobalSection
EndGlobal
